github.com/pkg/errors v0.8.1-0.20170910134614-2b3a18b5f0fb h1:CKWls8QOVQs/qmuUuGOeHMpIqSx6f9S72udJ48vEeKo=
github.com/pkg/errors v0.8.1-0.20170910134614-2b3a18b5f0fb/go.mod h1:bwawxfHBFNV+L2hUp1rHADufV3IMtnDRdf1r5NINEl0=
golang.org/x/sys v0.1.0 h1:kunALQeHf1/185U1i0GOB/fy1IPRDDpuoOOqRReG57U=
golang.org/x/sys v0.1.0/go.mod h1:oPkhp1MJrh7nUepCBck5+mAzfO9JrbApNNgaTdGDITg=
